PODS:
  - BoringSSL (9.2):
    - BoringSSL/Implementation (= 9.2)
    - BoringSSL/Interface (= 9.2)
  - BoringSSL/Implementation (9.2):
    - BoringSSL/Interface (= 9.2)
  - BoringSSL/Interface (9.2)
  - gRPC-Core (1.9.1):
    - gRPC-Core/Implementation (= 1.9.1)
    - gRPC-Core/Interface (= 1.9.1)
  - gRPC-Core/Implementation (1.9.1):
    - BoringSSL (~> 9.0)
    - gRPC-Core/Interface (= 1.9.1)
    - nanopb (~> 0.3)
  - gRPC-Core/Interface (1.9.1)
  - nanopb (0.3.8):
    - nanopb/decode (= 0.3.8)
    - nanopb/encode (= 0.3.8)
  - nanopb/decode (0.3.8)
  - nanopb/encode (0.3.8)
  - SwiftGRPC (0.3.3):
    - BoringSSL (~> 9.1)
    - gRPC-Core (~> 1.9.1)
    - SwiftProtobuf (~> 1.0.2)
  - SwiftProtobuf (1.0.2)

DEPENDENCIES:
  - SwiftGRPC (from `git@github.com:grpc/grpc-swift.git`, commit `5ebf7a3`)

EXTERNAL SOURCES:
  SwiftGRPC:
    :commit: 5ebf7a3
    :git: git@github.com:grpc/grpc-swift.git

CHECKOUT OPTIONS:
  SwiftGRPC:
    :commit: 5ebf7a3
    :git: git@github.com:grpc/grpc-swift.git

SPEC CHECKSUMS:
  BoringSSL: f3d6b8ce199b9c450a8cfc14895d07a2627fc232
  gRPC-Core: 66413bf1f2d038a6221bc7bfcbeeaa5a117cee29
  nanopb: 5601e6bca2dbf1ed831b519092ec110f66982ca3
  SwiftGRPC: 4bf6815db518c7921023274a7b4bbad462786f48
  SwiftProtobuf: e41d205c91eac0fb46823f2561712407fefdaf4e

PODFILE CHECKSUM: 859a234df78b2b05126c1b9cfd29c7c64f13d0c1

COCOAPODS: 1.4.0
